
Microsoft Visual Studio Solution File, Format Version 12.00
# Visual Studio Version 17
VisualStudioVersion = 17.9.34607.119
MinimumVisualStudioVersion = 10.0.40219.1
Project("{FAE04EC0-301F-11D3-BF4B-00C04F79EFBC}") = "lab1ex7", "lab1ex7\lab1ex7.csproj", "{D8CB8766-68DB-4079-9300-6E4E6E5FC324}"
EndProject
Global
	GlobalSection(SolutionConfigurationPlatforms) = preSolution
		Debug|Any CPU = Debug|Any CPU
		Release|Any CPU = Release|Any CPU
	EndGlobalSection
	GlobalSection(ProjectConfigurationPlatforms) = postSolution
		{D8CB8766-68DB-4079-9300-6E4E6E5FC324}.Debug|Any CPU.ActiveCfg = Debug|Any CPU
		{D8CB8766-68DB-4079-9300-6E4E6E5FC324}.Debug|Any CPU.Build.0 = Debug|Any CPU
		{D8CB8766-68DB-4079-9300-6E4E6E5FC324}.Release|Any CPU.ActiveCfg = Release|Any CPU
		{D8CB8766-68DB-4079-9300-6E4E6E5FC324}.Release|Any CPU.Build.0 = Release|Any CPU
	EndGlobalSection
	GlobalSection(SolutionProperties) = preSolution
		HideSolutionNode = FALSE
	EndGlobalSection
	GlobalSection(ExtensibilityGlobals) = postSolution
		SolutionGuid = {2F558C43-D543-4B92-ABF9-0B8281BF42AC}
	EndGlobalSection
EndGlobal
